
Microsoft Visual Studio Solution File, Format Version 12.00
# Visual Studio 15
Project("{FAE04EC0-301F-11D3-BF4B-00C04F79EFBC}") = "TopDown", "TopDown.csproj", "{663E6AEF-2A3E-CC63-3D39-0F3B5505ABD2}"
EndProject
Project("{FAE04EC0-301F-11D3-BF4B-00C04F79EFBC}") = "TopDown.Editor", "TopDown.Editor.csproj", "{F667CD51-94E1-2B8B-8FFC-B5DC5E6332FF}"
EndProject
Global
	GlobalSection(SolutionConfigurationPlatforms) = preSolution
		Debug|Any CPU = Debug|Any CPU
		Release|Any CPU = Release|Any CPU
	EndGlobalSection
	GlobalSection(ProjectConfigurationPlatforms) = postSolution
		{663E6AEF-2A3E-CC63-3D39-0F3B5505ABD2}.Debug|Any CPU.ActiveCfg = Debug|Any CPU
		{663E6AEF-2A3E-CC63-3D39-0F3B5505ABD2}.Debug|Any CPU.Build.0 = Debug|Any CPU
		{663E6AEF-2A3E-CC63-3D39-0F3B5505ABD2}.Release|Any CPU.ActiveCfg = Release|Any CPU
		{663E6AEF-2A3E-CC63-3D39-0F3B5505ABD2}.Release|Any CPU.Build.0 = Release|Any CPU
		{F667CD51-94E1-2B8B-8FFC-B5DC5E6332FF}.Debug|Any CPU.ActiveCfg = Debug|Any CPU
		{F667CD51-94E1-2B8B-8FFC-B5DC5E6332FF}.Debug|Any CPU.Build.0 = Debug|Any CPU
		{F667CD51-94E1-2B8B-8FFC-B5DC5E6332FF}.Release|Any CPU.ActiveCfg = Release|Any CPU
		{F667CD51-94E1-2B8B-8FFC-B5DC5E6332FF}.Release|Any CPU.Build.0 = Release|Any CPU
	EndGlobalSection
	GlobalSection(SolutionProperties) = preSolution
		HideSolutionNode = FALSE
	EndGlobalSection
EndGlobal
